
Microsoft Visual Studio Solution File, Format Version 12.00
# Visual Studio 14
VisualStudioVersion = 14.0.24720.0
MinimumVisualStudioVersion = 10.0.40219.1
Project("{FAE04EC0-301F-11D3-BF4B-00C04F79EFBC}") = "Chess", "Chess\Chess\Chess.csproj", "{8C191B74-FF1A-4D84-8C1E-8E6E4835EEA2}"
EndProject
Project("{FAE04EC0-301F-11D3-BF4B-00C04F79EFBC}") = "ChessTests", "ChessTests\ChessTests.csproj", "{31D5C0F7-763E-4F3C-8449-B3FD63FFAA17}"
EndProject
Global
	GlobalSection(SolutionConfigurationPlatforms) = preSolution
		Debug|Any CPU = Debug|Any CPU
		Release|Any CPU = Release|Any CPU
	EndGlobalSection
	GlobalSection(ProjectConfigurationPlatforms) = postSolution
		{8C191B74-FF1A-4D84-8C1E-8E6E4835EEA2}.Debug|Any CPU.ActiveCfg = Debug|Any CPU
		{8C191B74-FF1A-4D84-8C1E-8E6E4835EEA2}.Debug|Any CPU.Build.0 = Debug|Any CPU
		{8C191B74-FF1A-4D84-8C1E-8E6E4835EEA2}.Release|Any CPU.ActiveCfg = Release|Any CPU
		{8C191B74-FF1A-4D84-8C1E-8E6E4835EEA2}.Release|Any CPU.Build.0 = Release|Any CPU
		{31D5C0F7-763E-4F3C-8449-B3FD63FFAA17}.Debug|Any CPU.ActiveCfg = Debug|Any CPU
		{31D5C0F7-763E-4F3C-8449-B3FD63FFAA17}.Debug|Any CPU.Build.0 = Debug|Any CPU
		{31D5C0F7-763E-4F3C-8449-B3FD63FFAA17}.Release|Any CPU.ActiveCfg = Release|Any CPU
		{31D5C0F7-763E-4F3C-8449-B3FD63FFAA17}.Release|Any CPU.Build.0 = Release|Any CPU
	EndGlobalSection
	GlobalSection(SolutionProperties) = preSolution
		HideSolutionNode = FALSE
	EndGlobalSection
EndGlobal
